{
  "lockfileVersion": 1,
  "configVersion": 1,
  "workspaces": {
    "": {
      "name": "yuku-root",
      "devDependencies": {
        "@jridgewell/trace-mapping": "^0.3.31",
        "@types/bun": "^1.3.14",
        "@types/node": "^26.1.0",
        "@typescript-eslint/scope-manager": "^8.64.0",
        "@typescript-eslint/typescript-estree": "^8.64.0",
        "fast-deep-equal": "^3.1.3",
        "jest-diff": "^30.4.1",
        "napi-zig": "^0.2.8",
        "typescript": "^6.0.3",
        "yuku-analyzer": "workspace:*",
        "yuku-ast": "workspace:*",
        "yuku-codegen": "workspace:*",
        "yuku-parser": "workspace:*",
      },
    },
    "npm/yuku-analyzer": {
      "name": "yuku-analyzer",
      "version": "0.8.7",
      "dependencies": {
        "@yuku-toolchain/types": "workspace:^",
        "yuku-ast": "workspace:^",
      },
      "optionalDependencies": {
        "@yuku-analyzer/binding-android-arm64": "0.8.7",
        "@yuku-analyzer/binding-darwin-arm64": "0.8.7",
        "@yuku-analyzer/binding-darwin-x64": "0.8.7",
        "@yuku-analyzer/binding-freebsd-x64": "0.8.7",
        "@yuku-analyzer/binding-linux-arm-gnu": "0.8.7",
        "@yuku-analyzer/binding-linux-arm-musl": "0.8.7",
        "@yuku-analyzer/binding-linux-arm64-gnu": "0.8.7",
        "@yuku-analyzer/binding-linux-arm64-musl": "0.8.7",
        "@yuku-analyzer/binding-linux-x64-gnu": "0.8.7",
        "@yuku-analyzer/binding-linux-x64-musl": "0.8.7",
        "@yuku-analyzer/binding-win32-arm64": "0.8.7",
        "@yuku-analyzer/binding-win32-x64": "0.8.7",
      },
    },
    "npm/yuku-analyzer-wasm": {
      "name": "@yuku-analyzer/wasm",
      "version": "0.8.7",
      "dependencies": {
        "@yuku-toolchain/types": "workspace:^",
        "yuku-ast": "workspace:^",
      },
    },
    "npm/yuku-analyzer/@yuku-analyzer/binding-android-arm64": {
      "name": "@yuku-analyzer/binding-android-arm64",
      "version": "0.8.7",
    },
    "npm/yuku-analyzer/@yuku-analyzer/binding-darwin-arm64": {
      "name": "@yuku-analyzer/binding-darwin-arm64",
      "version": "0.8.7",
    },
    "npm/yuku-analyzer/@yuku-analyzer/binding-darwin-x64": {
      "name": "@yuku-analyzer/binding-darwin-x64",
      "version": "0.8.7",
    },
    "npm/yuku-analyzer/@yuku-analyzer/binding-freebsd-x64": {
      "name": "@yuku-analyzer/binding-freebsd-x64",
      "version": "0.8.7",
    },
    "npm/yuku-analyzer/@yuku-analyzer/binding-linux-arm-gnu": {
      "name": "@yuku-analyzer/binding-linux-arm-gnu",
      "version": "0.8.7",
    },
    "npm/yuku-analyzer/@yuku-analyzer/binding-linux-arm-musl": {
      "name": "@yuku-analyzer/binding-linux-arm-musl",
      "version": "0.8.7",
    },
    "npm/yuku-analyzer/@yuku-analyzer/binding-linux-arm64-gnu": {
      "name": "@yuku-analyzer/binding-linux-arm64-gnu",
      "version": "0.8.7",
    },
    "npm/yuku-analyzer/@yuku-analyzer/binding-linux-arm64-musl": {
      "name": "@yuku-analyzer/binding-linux-arm64-musl",
      "version": "0.8.7",
    },
    "npm/yuku-analyzer/@yuku-analyzer/binding-linux-x64-gnu": {
      "name": "@yuku-analyzer/binding-linux-x64-gnu",
      "version": "0.8.7",
    },
    "npm/yuku-analyzer/@yuku-analyzer/binding-linux-x64-musl": {
      "name": "@yuku-analyzer/binding-linux-x64-musl",
      "version": "0.8.7",
    },
    "npm/yuku-analyzer/@yuku-analyzer/binding-win32-arm64": {
      "name": "@yuku-analyzer/binding-win32-arm64",
      "version": "0.8.7",
    },
    "npm/yuku-analyzer/@yuku-analyzer/binding-win32-x64": {
      "name": "@yuku-analyzer/binding-win32-x64",
      "version": "0.8.7",
    },
    "npm/yuku-ast": {
      "name": "yuku-ast",
      "version": "0.8.7",
      "dependencies": {
        "@yuku-toolchain/types": "workspace:^",
      },
      "devDependencies": {
        "tsdown": "^0.22.14",
      },
    },
    "npm/yuku-codegen": {
      "name": "yuku-codegen",
      "version": "0.8.7",
      "dependencies": {
        "@yuku-toolchain/types": "workspace:^",
      },
      "optionalDependencies": {
        "@yuku-codegen/binding-android-arm64": "0.8.7",
        "@yuku-codegen/binding-darwin-arm64": "0.8.7",
        "@yuku-codegen/binding-darwin-x64": "0.8.7",
        "@yuku-codegen/binding-freebsd-x64": "0.8.7",
        "@yuku-codegen/binding-linux-arm-gnu": "0.8.7",
        "@yuku-codegen/binding-linux-arm-musl": "0.8.7",
        "@yuku-codegen/binding-linux-arm64-gnu": "0.8.7",
        "@yuku-codegen/binding-linux-arm64-musl": "0.8.7",
        "@yuku-codegen/binding-linux-x64-gnu": "0.8.7",
        "@yuku-codegen/binding-linux-x64-musl": "0.8.7",
        "@yuku-codegen/binding-win32-arm64": "0.8.7",
        "@yuku-codegen/binding-win32-x64": "0.8.7",
      },
    },
    "npm/yuku-codegen-wasm": {
      "name": "@yuku-codegen/wasm",
      "version": "0.8.7",
    },
    "npm/yuku-codegen/@yuku-codegen/binding-android-arm64": {
      "name": "@yuku-codegen/binding-android-arm64",
      "version": "0.8.7",
    },
    "npm/yuku-codegen/@yuku-codegen/binding-darwin-arm64": {
      "name": "@yuku-codegen/binding-darwin-arm64",
      "version": "0.8.7",
    },
    "npm/yuku-codegen/@yuku-codegen/binding-darwin-x64": {
      "name": "@yuku-codegen/binding-darwin-x64",
      "version": "0.8.7",
    },
    "npm/yuku-codegen/@yuku-codegen/binding-freebsd-x64": {
      "name": "@yuku-codegen/binding-freebsd-x64",
      "version": "0.8.7",
    },
    "npm/yuku-codegen/@yuku-codegen/binding-linux-arm-gnu": {
      "name": "@yuku-codegen/binding-linux-arm-gnu",
      "version": "0.8.7",
    },
    "npm/yuku-codegen/@yuku-codegen/binding-linux-arm-musl": {
      "name": "@yuku-codegen/binding-linux-arm-musl",
      "version": "0.8.7",
    },
    "npm/yuku-codegen/@yuku-codegen/binding-linux-arm64-gnu": {
      "name": "@yuku-codegen/binding-linux-arm64-gnu",
      "version": "0.8.7",
    },
    "npm/yuku-codegen/@yuku-codegen/binding-linux-arm64-musl": {
      "name": "@yuku-codegen/binding-linux-arm64-musl",
      "version": "0.8.7",
    },
    "npm/yuku-codegen/@yuku-codegen/binding-linux-x64-gnu": {
      "name": "@yuku-codegen/binding-linux-x64-gnu",
      "version": "0.8.7",
    },
    "npm/yuku-codegen/@yuku-codegen/binding-linux-x64-musl": {
      "name": "@yuku-codegen/binding-linux-x64-musl",
      "version": "0.8.7",
    },
    "npm/yuku-codegen/@yuku-codegen/binding-win32-arm64": {
      "name": "@yuku-codegen/binding-win32-arm64",
      "version": "0.8.7",
    },
    "npm/yuku-codegen/@yuku-codegen/binding-win32-x64": {
      "name": "@yuku-codegen/binding-win32-x64",
      "version": "0.8.7",
    },
    "npm/yuku-parser": {
      "name": "yuku-parser",
      "version": "0.8.7",
      "dependencies": {
        "@yuku-toolchain/types": "workspace:^",
        "yuku-ast": "workspace:^",
      },
      "optionalDependencies": {
        "@yuku-parser/binding-android-arm64": "0.8.7",
        "@yuku-parser/binding-darwin-arm64": "0.8.7",
        "@yuku-parser/binding-darwin-x64": "0.8.7",
        "@yuku-parser/binding-freebsd-x64": "0.8.7",
        "@yuku-parser/binding-linux-arm-gnu": "0.8.7",
        "@yuku-parser/binding-linux-arm-musl": "0.8.7",
        "@yuku-parser/binding-linux-arm64-gnu": "0.8.7",
        "@yuku-parser/binding-linux-arm64-musl": "0.8.7",
        "@yuku-parser/binding-linux-x64-gnu": "0.8.7",
        "@yuku-parser/binding-linux-x64-musl": "0.8.7",
        "@yuku-parser/binding-win32-arm64": "0.8.7",
        "@yuku-parser/binding-win32-x64": "0.8.7",
      },
    },
    "npm/yuku-parser-wasm": {
      "name": "@yuku-parser/wasm",
      "version": "0.8.7",
      "dependencies": {
        "@yuku-toolchain/types": "workspace:^",
        "yuku-ast": "workspace:^",
      },
    },
    "npm/yuku-parser/@yuku-parser/binding-android-arm64": {
      "name": "@yuku-parser/binding-android-arm64",
      "version": "0.8.7",
    },
    "npm/yuku-parser/@yuku-parser/binding-darwin-arm64": {
      "name": "@yuku-parser/binding-darwin-arm64",
      "version": "0.8.7",
    },
    "npm/yuku-parser/@yuku-parser/binding-darwin-x64": {
      "name": "@yuku-parser/binding-darwin-x64",
      "version": "0.8.7",
    },
    "npm/yuku-parser/@yuku-parser/binding-freebsd-x64": {
      "name": "@yuku-parser/binding-freebsd-x64",
      "version": "0.8.7",
    },
    "npm/yuku-parser/@yuku-parser/binding-linux-arm-gnu": {
      "name": "@yuku-parser/binding-linux-arm-gnu",
      "version": "0.8.7",
    },
    "npm/yuku-parser/@yuku-parser/binding-linux-arm-musl": {
      "name": "@yuku-parser/binding-linux-arm-musl",
      "version": "0.8.7",
    },
    "npm/yuku-parser/@yuku-parser/binding-linux-arm64-gnu": {
      "name": "@yuku-parser/binding-linux-arm64-gnu",
      "version": "0.8.7",
    },
    "npm/yuku-parser/@yuku-parser/binding-linux-arm64-musl": {
      "name": "@yuku-parser/binding-linux-arm64-musl",
      "version": "0.8.7",
    },
    "npm/yuku-parser/@yuku-parser/binding-linux-x64-gnu": {
      "name": "@yuku-parser/binding-linux-x64-gnu",
      "version": "0.8.7",
    },
    "npm/yuku-parser/@yuku-parser/binding-linux-x64-musl": {
      "name": "@yuku-parser/binding-linux-x64-musl",
      "version": "0.8.7",
    },
    "npm/yuku-parser/@yuku-parser/binding-win32-arm64": {
      "name": "@yuku-parser/binding-win32-arm64",
      "version": "0.8.7",
    },
    "npm/yuku-parser/@yuku-parser/binding-win32-x64": {
      "name": "@yuku-parser/binding-win32-x64",
      "version": "0.8.7",
    },
    "npm/yuku-types": {
      "name": "@yuku-toolchain/types",
      "version": "0.8.7",
    },
  },
  "packages": {
    "@jest/diff-sequences": ["@jest/diff-sequences@30.4.0", "", {}, "sha512-zOpzlfUs45l6u7jm39qr87JCHUDsaeCtvL+kQe/Vn9jSnRB4/5IPXISm0h9I1vZW/o00Kn4UTJ2MOlhnUGwv3g=="],

    "@jest/get-type": ["@jest/get-type@30.1.0", "", {}, "sha512-eMbZE2hUnx1WV0pmURZY9XoXPkUYjpc55mb0CrhtdWLtzMQPFvu/rZkTLZFTsdaVQa+Tr4eWAteqcUzoawq/uA=="],

    "@jest/schemas": ["@jest/schemas@30.4.1", "", { "dependencies": { "@sinclair/typebox": "^0.34.0" } }, "sha512-i6b4qw5qnP8c5FEeBJg/uZQ4ddrkN6Ca8qISJh0pr7a5hfn3h3v5x60BEbOC7OYAGZNMs1LfFLwnW2CuK8F57Q=="],

    "@jridgewell/resolve-uri": ["@jridgewell/resolve-uri@3.1.2", "", {}, "sha512-bRISgCIjP20/tbWSPWMEi54QVPRZExkuD9lJL+UIxUKtwVJA8wW1Trb1jMs1RFXo1CBTNZ/5hpC9QvmKWdopKw=="],

    "@jridgewell/sourcemap-codec": ["@jridgewell/sourcemap-codec@1.5.5", "", {}, "sha512-cYQ9310grqxueWbl+WuIUIaiUaDcj7WOq5fVhEljNVgRfOUhY9fy2zTvfoqWsnebh8Sl70VScFbICvJnLKB0Og=="],

    "@jridgewell/trace-mapping": ["@jridgewell/trace-mapping@0.3.31", "", { "dependencies": { "@jridgewell/resolve-uri": "^3.1.0", "@jridgewell/sourcemap-codec": "^1.4.14" } }, "sha512-zzNR+SdQSDJzc8joaeP8QQoCQr8NuYx2dIIytl1QeBEZHJ9uW6hebsrYgbz8hJwUQao3TWCMtmfV8Nu1twOLAw=="],

    "@oxc-project/types": ["@oxc-project/types@0.144.0", "", {}, "sha512-nuhZIOLuI6TFQ32I/WnUx+SCPY7SdSKwgnFHydAuoS1+Z4BRcaP+RRJmGzl9lw+0OFF7UmaESf7KQRXaNLHypg=="],

    "@quansync/fs": ["@quansync/fs@1.0.0", "", { "dependencies": { "quansync": "^1.0.0" } }, "sha512-4TJ3DFtlf1L5LDMaM6CanJ/0lckGNtJcMjQ1NAV6zDmA0tEHKZtxNKin8EgPaVX1YzljbxckyT2tJrpQKAtngQ=="],

    "@rolldown/binding-android-arm64": ["@rolldown/binding-android-arm64@1.2.4", "", { "os": "android", "cpu": "arm64" }, "sha512-jHC2cnyKz5xU2fhECtFl8OZ83cYNt13GZQD+0uMJ/X3o+ijmd56okHhTUwxVSHPx1IRVIJEZ1/1pPzeLCU6XKA=="],

    "@rolldown/binding-darwin-arm64": ["@rolldown/binding-darwin-arm64@1.2.4", "", { "os": "darwin", "cpu": "arm64" }, "sha512-Dc5mPD8F5F/FS8i01syd7FTF6yB2fVthH/TRkjwJkzUK6EpoxHtqvZQP5Zwq80/5z19TWYHIg1KOHboCgVx/aQ=="],

    "@rolldown/binding-darwin-x64": ["@rolldown/binding-darwin-x64@1.2.4", "", { "os": "darwin", "cpu": "x64" }, "sha512-fpDm4oBo6SqLvWUYCmFhdde3U9KH2fRNNMeAnAPAIwxRL345xutL0EtEUcuoxsoazdJGv/MuDBQHlCDrtbvqOg=="],

    "@rolldown/binding-freebsd-x64": ["@rolldown/binding-freebsd-x64@1.2.4", "", { "os": "freebsd", "cpu": "x64" }, "sha512-rSJoreDE/HoIzoaib6MTp5jQtCTdMHKIvItAKT/ImS6Y6Ww76oUaeMyp4Vc/fAgd/ehji068IxetHXAnqUwN9A=="],

    "@rolldown/binding-linux-arm-gnueabihf": ["@rolldown/binding-linux-arm-gnueabihf@1.2.4", "", { "os": "linux", "cpu": "arm" }, "sha512-/jm8OGHgn7oGaJu3i/qZI9spUGcJ+y/lk43ttQ/iO1tOd9NissG6o97bighBCiL+BKRngmcDuR6ikfwYdJmVuQ=="],

    "@rolldown/binding-linux-arm64-gnu": ["@rolldown/binding-linux-arm64-gnu@1.2.4", "", { "os": "linux", "cpu": "arm64" }, "sha512-tIP06BeD9EqvECBrPZ+sqdPlYrT+aYaAiu1wYziVx5elRK/ftm33JxVDy2bXGbr6J0CrtirCkR87/X5a2euEng=="],

    "@rolldown/binding-linux-arm64-musl": ["@rolldown/binding-linux-arm64-musl@1.2.4", "", { "os": "linux", "cpu": "arm64" }, "sha512-Ql1Q0EQqVThvn9VAVlwNzsUvbSFtCMGjLpRRi4pk5i7NZZ4n5ISiLMjHYtus4VQ2PvkSw24zyaCVsiS+sXPj1w=="],

    "@rolldown/binding-linux-ppc64-gnu": ["@rolldown/binding-linux-ppc64-gnu@1.2.4", "", { "os": "linux", "cpu": "ppc64" }, "sha512-GjbjXD4XXfN19D0LZNbmiCBUoDiRACsYHr0yaIbbn8aFsXjHZifcYqu/W5Er5X2X990WjHXFrxarn5chzItorQ=="],

    "@rolldown/binding-linux-s390x-gnu": ["@rolldown/binding-linux-s390x-gnu@1.2.4", "", { "os": "linux", "cpu": "s390x" }, "sha512-p5WR0NOwaRmJ/B1b6IjEFLLivwEsf3PrdBIhRbhTCQisbo2SvHHpG4ELB/+FgQNnB88LTOF86upmJmbvZdQ2lw=="],

    "@rolldown/binding-linux-x64-gnu": ["@rolldown/binding-linux-x64-gnu@1.2.4", "", { "os": "linux", "cpu": "x64" }, "sha512-4/GyVjmhR+Tc6HLJvwc1sOhPqAZtySiSMesOZyX6JQ5XBxoTDEMKQzvo07NIK6nTon/SivlZqvhzvuVBNQhObQ=="],

    "@rolldown/binding-linux-x64-musl": ["@rolldown/binding-linux-x64-musl@1.2.4", "", { "os": "linux", "cpu": "x64" }, "sha512-l9eeLsCNvPpmSXUej0etw/J1eqV0Jj1D5G/xG6YTijmE6dkv6E2QezgWbTfQk63v952DPqrjOCoiqxq7Bw0YUQ=="],

    "@rolldown/binding-openharmony-arm64": ["@rolldown/binding-openharmony-arm64@1.2.4", "", { "os": "none", "cpu": "arm64" }, "sha512-e0F355MSTMm3+UOqtV3L24gFUp2N5m1f8L/7d56deik6va+AXdrt9F8LbzGpeWGWRbZEDq4m8NVnJDeBtf9DZg=="],

    "@rolldown/binding-win32-arm64-msvc": ["@rolldown/binding-win32-arm64-msvc@1.2.4", "", { "os": "win32", "cpu": "arm64" }, "sha512-AWLi0uBRYh6QlE7OKhiz+phZC0qwtij2QZmhmOdsLdFn64m7oMpooE9ICE3lhm9xMb4SpDo2WbHcxX1iFLFtqw=="],

    "@rolldown/binding-win32-x64-msvc": ["@rolldown/binding-win32-x64-msvc@1.2.4", "", { "os": "win32", "cpu": "x64" }, "sha512-UwSDJOg3dqCAejWdxclJjCsh3Qq4vLYMDxmyHqo1btz3stK2VqgwNd3mm5tuIwzSlGIQ/1H9Hr+Zn09mrezNqQ=="],

    "@rolldown/pluginutils": ["@rolldown/pluginutils@1.0.1", "", {}, "sha512-2j9bGt5Jh8hj+vPtgzPtl72j0yRxHAyumoo6TNfAjsLB04UtpSvPbPcDcBMxz7n+9CYB0c1GxQFxYRg2jimqGw=="],

    "@sinclair/typebox": ["@sinclair/typebox@0.34.52", "", {}, "sha512-XiMQh7qqVlxZzcVD+kkGMNGMzcTrDMLWI7S4x7z1MkCkbDPrekpZXEUK0eZqZFMuHQg2a2DZOcDIh9o5v3Gonw=="],

    "@types/bun": ["@types/bun@1.3.14", "", { "dependencies": { "bun-types": "1.3.14" } }, "sha512-h1hFqFVcvAvD9j9K7ZW7vd82aSA+rTdznZa+5bwvCwqSB1jmmfLcbIWhOLx1/+boy/xmjgCs/OMUL8hRJSmnPw=="],

    "@types/node": ["@types/node@26.2.0", "", { "dependencies": { "undici-types": "~8.3.0" } }, "sha512-5IviulTZeRNp2vAJ514cc/HUlY5nZ9fCbq9DMyC52BrhFZACo3nI0R7qBxhQmo/d27NFe96ur/b7Wwxklda+kg=="],

    "@typescript-eslint/project-service": ["@typescript-eslint/project-service@8.67.0", "", { "dependencies": { "@typescript-eslint/tsconfig-utils": "^8.67.0", "@typescript-eslint/types": "^8.67.0", "debug": "^4.4.3" }, "peerDependencies": { "typescript": ">=4.8.4 <6.1.0" } }, "sha512-cvE8c7ulYeXN9fYuszhCeCsbzyVEXuhrRCybnBre7TUmqb5nRmBfQAwCj0O3WJFDeyAZt4VYv51vMCC9LHSdYw=="],

    "@typescript-eslint/scope-manager": ["@typescript-eslint/scope-manager@8.67.0", "", { "dependencies": { "@typescript-eslint/types": "8.67.0", "@typescript-eslint/visitor-keys": "8.67.0" } }, "sha512-EgvsleTwS4E+WzzSvem8fAUubLwatMNF1B5hHSLQxcvs7q2dtRhGyujHwLJSYlG41niJ7GP24Aha2+0mb1b2kg=="],

    "@typescript-eslint/tsconfig-utils": ["@typescript-eslint/tsconfig-utils@8.67.0", "", { "peerDependencies": { "typescript": ">=4.8.4 <6.1.0" } }, "sha512-vV+LUSv5njUWsknE71fqKTlXUva+R76SaeORd6Zojcunk/6DvKFXONU3BrAs2H49mbygUXt6gbYunzwqNwlhdg=="],

    "@typescript-eslint/types": ["@typescript-eslint/types@8.67.0", "", {}, "sha512-sBtgslww8nsMYUjhdPBiSyUqSzT8uR6g93A2QXnQC8+cGdjz0CyaOdqHDRJb1AtORbZCNUJBBeFA/tNR2uQmww=="],

    "@typescript-eslint/typescript-estree": ["@typescript-eslint/typescript-estree@8.67.0", "", { "dependencies": { "@typescript-eslint/project-service": "8.67.0", "@typescript-eslint/tsconfig-utils": "8.67.0", "@typescript-eslint/types": "8.67.0", "@typescript-eslint/visitor-keys": "8.67.0", "debug": "^4.4.3", "minimatch": "^10.2.2", "semver": "^7.7.3", "tinyglobby": "^0.2.15", "ts-api-utils": "^2.5.0" }, "peerDependencies": { "typescript": ">=4.8.4 <6.1.0" } }, "sha512-EKQBCE9yNlRJYm7jdTW5AhDacDUmSwQb0FAJAmK2EKYrNXIsa2vxcSZx6PvJ/dEdI6lS+Y9W+EXckLj0iPFGcw=="],

    "@typescript-eslint/visitor-keys": ["@typescript-eslint/visitor-keys@8.67.0", "", { "dependencies": { "@typescript-eslint/types": "8.67.0", "eslint-visitor-keys": "^5.0.0" } }, "sha512-fkv8dHRDqfGtTHuJeebdrQ7cX6Ad4WAS00rgHh9UGvMycF1mjBfsxry1XsLIFhWZ6Judlh6UdzK+TYlbpCXgnA=="],

    "@yuku-analyzer/binding-android-arm64": ["@yuku-analyzer/binding-android-arm64@workspace:npm/yuku-analyzer/@yuku-analyzer/binding-android-arm64"],

    "@yuku-analyzer/binding-darwin-arm64": ["@yuku-analyzer/binding-darwin-arm64@workspace:npm/yuku-analyzer/@yuku-analyzer/binding-darwin-arm64"],

    "@yuku-analyzer/binding-darwin-x64": ["@yuku-analyzer/binding-darwin-x64@workspace:npm/yuku-analyzer/@yuku-analyzer/binding-darwin-x64"],

    "@yuku-analyzer/binding-freebsd-x64": ["@yuku-analyzer/binding-freebsd-x64@workspace:npm/yuku-analyzer/@yuku-analyzer/binding-freebsd-x64"],

    "@yuku-analyzer/binding-linux-arm-gnu": ["@yuku-analyzer/binding-linux-arm-gnu@workspace:npm/yuku-analyzer/@yuku-analyzer/binding-linux-arm-gnu"],

    "@yuku-analyzer/binding-linux-arm-musl": ["@yuku-analyzer/binding-linux-arm-musl@workspace:npm/yuku-analyzer/@yuku-analyzer/binding-linux-arm-musl"],

    "@yuku-analyzer/binding-linux-arm64-gnu": ["@yuku-analyzer/binding-linux-arm64-gnu@workspace:npm/yuku-analyzer/@yuku-analyzer/binding-linux-arm64-gnu"],

    "@yuku-analyzer/binding-linux-arm64-musl": ["@yuku-analyzer/binding-linux-arm64-musl@workspace:npm/yuku-analyzer/@yuku-analyzer/binding-linux-arm64-musl"],

    "@yuku-analyzer/binding-linux-x64-gnu": ["@yuku-analyzer/binding-linux-x64-gnu@workspace:npm/yuku-analyzer/@yuku-analyzer/binding-linux-x64-gnu"],

    "@yuku-analyzer/binding-linux-x64-musl": ["@yuku-analyzer/binding-linux-x64-musl@workspace:npm/yuku-analyzer/@yuku-analyzer/binding-linux-x64-musl"],

    "@yuku-analyzer/binding-win32-arm64": ["@yuku-analyzer/binding-win32-arm64@workspace:npm/yuku-analyzer/@yuku-analyzer/binding-win32-arm64"],

    "@yuku-analyzer/binding-win32-x64": ["@yuku-analyzer/binding-win32-x64@workspace:npm/yuku-analyzer/@yuku-analyzer/binding-win32-x64"],

    "@yuku-analyzer/wasm": ["@yuku-analyzer/wasm@workspace:npm/yuku-analyzer-wasm"],

    "@yuku-codegen/binding-android-arm64": ["@yuku-codegen/binding-android-arm64@workspace:npm/yuku-codegen/@yuku-codegen/binding-android-arm64"],

    "@yuku-codegen/binding-darwin-arm64": ["@yuku-codegen/binding-darwin-arm64@workspace:npm/yuku-codegen/@yuku-codegen/binding-darwin-arm64"],

    "@yuku-codegen/binding-darwin-x64": ["@yuku-codegen/binding-darwin-x64@workspace:npm/yuku-codegen/@yuku-codegen/binding-darwin-x64"],

    "@yuku-codegen/binding-freebsd-x64": ["@yuku-codegen/binding-freebsd-x64@workspace:npm/yuku-codegen/@yuku-codegen/binding-freebsd-x64"],

    "@yuku-codegen/binding-linux-arm-gnu": ["@yuku-codegen/binding-linux-arm-gnu@workspace:npm/yuku-codegen/@yuku-codegen/binding-linux-arm-gnu"],

    "@yuku-codegen/binding-linux-arm-musl": ["@yuku-codegen/binding-linux-arm-musl@workspace:npm/yuku-codegen/@yuku-codegen/binding-linux-arm-musl"],

    "@yuku-codegen/binding-linux-arm64-gnu": ["@yuku-codegen/binding-linux-arm64-gnu@workspace:npm/yuku-codegen/@yuku-codegen/binding-linux-arm64-gnu"],

    "@yuku-codegen/binding-linux-arm64-musl": ["@yuku-codegen/binding-linux-arm64-musl@workspace:npm/yuku-codegen/@yuku-codegen/binding-linux-arm64-musl"],

    "@yuku-codegen/binding-linux-x64-gnu": ["@yuku-codegen/binding-linux-x64-gnu@workspace:npm/yuku-codegen/@yuku-codegen/binding-linux-x64-gnu"],

    "@yuku-codegen/binding-linux-x64-musl": ["@yuku-codegen/binding-linux-x64-musl@workspace:npm/yuku-codegen/@yuku-codegen/binding-linux-x64-musl"],

    "@yuku-codegen/binding-win32-arm64": ["@yuku-codegen/binding-win32-arm64@workspace:npm/yuku-codegen/@yuku-codegen/binding-win32-arm64"],

    "@yuku-codegen/binding-win32-x64": ["@yuku-codegen/binding-win32-x64@workspace:npm/yuku-codegen/@yuku-codegen/binding-win32-x64"],

    "@yuku-codegen/wasm": ["@yuku-codegen/wasm@workspace:npm/yuku-codegen-wasm"],

    "@yuku-parser/binding-android-arm64": ["@yuku-parser/binding-android-arm64@workspace:npm/yuku-parser/@yuku-parser/binding-android-arm64"],

    "@yuku-parser/binding-darwin-arm64": ["@yuku-parser/binding-darwin-arm64@workspace:npm/yuku-parser/@yuku-parser/binding-darwin-arm64"],

    "@yuku-parser/binding-darwin-x64": ["@yuku-parser/binding-darwin-x64@workspace:npm/yuku-parser/@yuku-parser/binding-darwin-x64"],

    "@yuku-parser/binding-freebsd-x64": ["@yuku-parser/binding-freebsd-x64@workspace:npm/yuku-parser/@yuku-parser/binding-freebsd-x64"],

    "@yuku-parser/binding-linux-arm-gnu": ["@yuku-parser/binding-linux-arm-gnu@workspace:npm/yuku-parser/@yuku-parser/binding-linux-arm-gnu"],

    "@yuku-parser/binding-linux-arm-musl": ["@yuku-parser/binding-linux-arm-musl@workspace:npm/yuku-parser/@yuku-parser/binding-linux-arm-musl"],

    "@yuku-parser/binding-linux-arm64-gnu": ["@yuku-parser/binding-linux-arm64-gnu@workspace:npm/yuku-parser/@yuku-parser/binding-linux-arm64-gnu"],

    "@yuku-parser/binding-linux-arm64-musl": ["@yuku-parser/binding-linux-arm64-musl@workspace:npm/yuku-parser/@yuku-parser/binding-linux-arm64-musl"],

    "@yuku-parser/binding-linux-x64-gnu": ["@yuku-parser/binding-linux-x64-gnu@workspace:npm/yuku-parser/@yuku-parser/binding-linux-x64-gnu"],

    "@yuku-parser/binding-linux-x64-musl": ["@yuku-parser/binding-linux-x64-musl@workspace:npm/yuku-parser/@yuku-parser/binding-linux-x64-musl"],

    "@yuku-parser/binding-win32-arm64": ["@yuku-parser/binding-win32-arm64@workspace:npm/yuku-parser/@yuku-parser/binding-win32-arm64"],

    "@yuku-parser/binding-win32-x64": ["@yuku-parser/binding-win32-x64@workspace:npm/yuku-parser/@yuku-parser/binding-win32-x64"],

    "@yuku-parser/wasm": ["@yuku-parser/wasm@workspace:npm/yuku-parser-wasm"],

    "@yuku-toolchain/types": ["@yuku-toolchain/types@workspace:npm/yuku-types"],

    "ansi-styles": ["ansi-styles@4.3.0", "", { "dependencies": { "color-convert": "^2.0.1" } }, "sha512-zbB9rCJAT1rbjiVDb2hqKFHNYLxgtk8NURxZ3IZwD3F6NtxbXZQCnnSi1Lkx+IDohdPlFp222wVALIheZJQSEg=="],

    "ansis": ["ansis@4.3.1", "", {}, "sha512-BJ8/l4R5LRE7hW9WdSuGYrLSHi2ynxeFpDFbH0K/CgNeY/tyhk+vO6TYxXC5r5CpUhNVX310xzPsN/H9lCdfOA=="],

    "balanced-match": ["balanced-match@4.0.4", "", {}, "sha512-BLrgEcRTwX2o6gGxGOCNyMvGSp35YofuYzw9h1IMTRmKqttAZZVU67bdb9Pr2vUHA8+j3i2tJfjO6C6+4myGTA=="],

    "brace-expansion": ["brace-expansion@5.0.9", "", { "dependencies": { "balanced-match": "^4.0.2" } }, "sha512-ScQ4IuvIEF1TMlP7Zt+vjJ//9zlPb2SDcxWxM3bk8s6t6GGdJ7KO1dCcTidOPJKePW30LE/2cT7wCyPho9/Wxg=="],

    "bun-types": ["bun-types@1.3.14", "", { "dependencies": { "@types/node": "*" } }, "sha512-4N0ig0fEomHt5R0KCFWjovxow98rIoRwKolrYdCcknNwMekCXRnWEUvgu5soYV8QXtVsrUD8B95MBOZGPvr6KQ=="],

    "cac": ["cac@7.0.0", "", {}, "sha512-tixWYgm5ZoOD+3g6UTea91eow5z6AAHaho3g0V9CNSNb45gM8SmflpAc+GRd1InC4AqN/07Unrgp56Y94N9hJQ=="],

    "chalk": ["chalk@4.1.2", "", { "dependencies": { "ansi-styles": "^4.1.0", "supports-color": "^7.1.0" } }, "sha512-oKnbhFyRIXpUuez8iBMmyEa4nbj4IOQyuhc/wy9kY7/WVPcwIO9VA668Pu8RkO7+0G76SLROeyw9CpQ061i4mA=="],

    "color-convert": ["color-convert@2.0.1", "", { "dependencies": { "color-name": "~1.1.4" } }, "sha512-RRECPsj7iu/xb5oKYcsFHSppFNnsj/52OVTRKb4zP5onXwVF3zVmmToNcOfGC+CRDpfK/U584fMg38ZHCaElKQ=="],

    "color-name": ["color-name@1.1.4", "", {}, "sha512-dOy+3AuW3a2wNbZHIuMZpTcgjGuLU/uBL/ubcZF9OXbDo8ff4O8yVp5Bf0efS8uEoYo5q4Fx7dY9OgQGXgAsQA=="],

    "debug": ["debug@4.4.3", "", { "dependencies": { "ms": "^2.1.3" } }, "sha512-RGwwWnwQvkVfavKVt22FGLw+xYSdzARwm0ru6DhTVA3umU5hZc28V3kO4stgYryrTlLpuvgI9GiijltAjNbcqA=="],

    "defu": ["defu@6.1.7", "", {}, "sha512-7z22QmUWiQ/2d0KkdYmANbRUVABpZ9SNYyH5vx6PZ+nE5bcC0l7uFvEfHlyld/HcGBFTL536ClDt3DEcSlEJAQ=="],

    "dts-resolver": ["dts-resolver@3.0.0", "", { "peerDependencies": { "oxc-resolver": ">=11.0.0" }, "optionalPeers": ["oxc-resolver"] }, "sha512-1T1f+z+4tl9XD+m+0HBgWoL/nm0bOIffyWaUuUSBlFg/86IWvfx+wjNaO/ybU0AJzG9/Mi5hBUgGV6zCmWEN7Q=="],

    "empathic": ["empathic@2.0.1", "", {}, "sha512-YGRs8knHhKHVShLkFET/rWAU8kmHbOV5LwN938RHI0pljAJ1Gf6SzXsSmRaEzcXTtOOmVqJ5+WtQPL5uigY50Q=="],

    "eslint-visitor-keys": ["eslint-visitor-keys@5.0.1", "", {}, "sha512-tD40eHxA35h0PEIZNeIjkHoDR4YjjJp34biM0mDvplBe//mB+IHCqHDGV7pxF+7MklTvighcCPPZC7ynWyjdTA=="],

    "fast-deep-equal": ["fast-deep-equal@3.1.3", "", {}, "sha512-f3qQ9oQy9j2AhBe/H9VC91wLmKBCCU/gDOnKNAYG5hswO7BLKj09Hc5HYNz9cGI++xlpDCIgDaitVs03ATR84Q=="],

    "fdir": ["fdir@6.5.0", "", { "peerDependencies": { "picomatch": "^3 || ^4" }, "optionalPeers": ["picomatch"] }, "sha512-tIbYtZbucOs0BRGqPJkshJUYdL+SDH7dVM8gjy+ERp3WAUjLEFJE+02kanyHtwjWOnwrKYBiwAmM0p4kLJAnXg=="],

    "get-tsconfig": ["get-tsconfig@5.0.0-beta.5", "", { "dependencies": { "resolve-pkg-maps": "^1.0.0" } }, "sha512-/6gFNr0N04nob252sTQxyFLi3eKFRqIg1I87YcqAMT1i6SQrSF6KujUEQrtrjMV0H/eejTCltLdDSTEMzHbnsQ=="],

    "has-flag": ["has-flag@4.0.0", "", {}, "sha512-EykJT/Q1KjTWctppgIAgfSO0tKVuZUjhgMr17kqTumMl6Afv3EISleU7qZUzoXDFTAHTDC4NOoG/ZxU3EvlMPQ=="],

    "hookable": ["hookable@6.1.1", "", {}, "sha512-U9LYDy1CwhMCnprUfeAZWZGByVbhd54hwepegYTK7Pi5NvqEj63ifz5z+xukznehT7i6NIZRu89Ay1AZmRsLEQ=="],

    "import-without-cache": ["import-without-cache@0.4.0", "", {}, "sha512-NkJQA7oZ4YHQhd2+H3BoRFKF3d/XNsiKpHZCQEMH9pDX27hQQLsTyOocyRgaIVtf8gHX3Nt3LPkR4e5EdtPAGQ=="],

    "jest-diff": ["jest-diff@30.4.1", "", { "dependencies": { "@jest/diff-sequences": "30.4.0", "@jest/get-type": "30.1.0", "chalk": "^4.1.2", "pretty-format": "30.4.1" } }, "sha512-CRpFK0RtLriVDGcPPAnR6HMVI8bSR2jnUIgralhauzYQZIb4RH9AtEInTuQr65LmmGggGcRT6HIASxwqsVsmlA=="],

    "kleur": ["kleur@3.0.3", "", {}, "sha512-eTIzlVOSUR+JxdDFepEYcBMtZ9Qqdef+rnzWdRZuMbOywu5tO2w2N7rqjoANZ5k9vywhL6Br1VRjUIgTQx4E8w=="],

    "minimatch": ["minimatch@10.2.6", "", { "dependencies": { "brace-expansion": "^5.0.8" } }, "sha512-vpLQEs+VLCr1nU0BXS07maYoFwlDAH0gngQuuttxIwutDFEMHq2blX+8vpgxDdK3J1PwjCJiep77OitTZ4Ll1A=="],

    "ms": ["ms@2.1.3", "", {}, "sha512-6FlzubTLZG3J2a/NVCAleEhjzq5oxgHyaCU9yYXvcLsvoVaHJq/s5xXI6/XXP6tz7R9xAOtHnSO/tXtF3WRTlA=="],

    "napi-zig": ["napi-zig@0.2.8", "", { "dependencies": { "cac": "^7.0.0", "package-manager-detector": "^1.6.0", "prompts": "^2.4.2", "semver": "^7.7.4" }, "bin": { "napi-zig": "dist/index.js" } }, "sha512-U8zirVvXrgbWz8yhlq3ifoi1x4DM/EBNmjhn9cCndDp33pCtDp4/TtYjXApVISexT6ldK/yKt1UMxMhXkZFC9Q=="],

    "obug": ["obug@2.1.4", "", {}, "sha512-4a+OsYv9UktOJKE+l1A4OufDgdRF9PifWj+tJnHURo/P+WOxpG4GzUFL9qCalmWauao6ogiG+QvnCovwPoyAWA=="],

    "package-manager-detector": ["package-manager-detector@1.8.0", "", {}, "sha512-yQA4H19AmPEoMUeavPMDIe1higySl/gH/yaQrkT/s07Qp+7pp2hYz30N3z2l5BkjVkF9Ow6o0wjJamm2y7Sn0A=="],

    "picomatch": ["picomatch@4.0.5", "", {}, "sha512-RvwwcruNjI1ncT5xRakeyS9Lf8lcItv34KD+aif+VH9kduAyfYBipGh12274xtenIPZ119/R9BdTBa8gAwSh0A=="],

    "pretty-format": ["pretty-format@30.4.1", "", { "dependencies": { "@jest/schemas": "30.4.1", "ansi-styles": "^5.2.0", "react-is-18": "npm:react-is@^18.3.1", "react-is-19": "npm:react-is@^19.2.5" } }, "sha512-K6KiKMHTL4jjX4u3Kir2EW07nRfcqVTXIImx50wbjHQTcZPgg+gjVeNTIT3l3L1Rd4UefxfogquC9J37SoFyyw=="],

    "prompts": ["prompts@2.4.2", "", { "dependencies": { "kleur": "^3.0.3", "sisteransi": "^1.0.5" } }, "sha512-NxNv/kLguCA7p3jE8oL2aEBsrJWgAakBpgmgK6lpPWV+WuOmY6r2/zbAVnP+T8bQlA0nzHXSJSJW0Hq7ylaD2Q=="],

    "quansync": ["quansync@1.0.0", "", {}, "sha512-5xZacEEufv3HSTPQuchrvV6soaiACMFnq1H8wkVioctoH3TRha9Sz66lOxRwPK/qZj7HPiSveih9yAyh98gvqA=="],

    "react-is-18": ["react-is@18.3.1", "", {}, "sha512-/LLMVyas0ljjAtoYiPqYiL8VWXzUUdThrmU5+n20DZv+a+ClRoevUzw5JxU+Ieh5/c87ytoTBV9G1FiKfNJdmg=="],

    "react-is-19": ["react-is@19.2.8", "", {}, "sha512-s5un28nYxKJw5gvUHyW5PCC28CvBqLu9r3cWgzHT4Vo/5fqqkFcdRYsGcKf50WMPpjjFZS5d76fn3YCo2njKwQ=="],

    "resolve-pkg-maps": ["resolve-pkg-maps@1.0.0", "", {}, "sha512-seS2Tj26TBVOC2NIc2rOe2y2ZO7efxITtLZcGSOnHHNOQ7CkiUBfw0Iw2ck6xkIhPwLhKNLS8BO+hEpngQlqzw=="],

    "rolldown": ["rolldown@1.2.4", "", { "dependencies": { "@oxc-project/types": "=0.144.0", "@rolldown/pluginutils": "^1.0.0" }, "optionalDependencies": { "@rolldown/binding-android-arm64": "1.2.4", "@rolldown/binding-darwin-arm64": "1.2.4", "@rolldown/binding-darwin-x64": "1.2.4", "@rolldown/binding-freebsd-x64": "1.2.4", "@rolldown/binding-linux-arm-gnueabihf": "1.2.4", "@rolldown/binding-linux-arm64-gnu": "1.2.4", "@rolldown/binding-linux-arm64-musl": "1.2.4", "@rolldown/binding-linux-ppc64-gnu": "1.2.4", "@rolldown/binding-linux-s390x-gnu": "1.2.4", "@rolldown/binding-linux-x64-gnu": "1.2.4", "@rolldown/binding-linux-x64-musl": "1.2.4", "@rolldown/binding-openharmony-arm64": "1.2.4", "@rolldown/binding-win32-arm64-msvc": "1.2.4", "@rolldown/binding-win32-x64-msvc": "1.2.4" }, "bin": { "rolldown": "./bin/cli.mjs" } }, "sha512-rSr7irW0K7QRWzjdJXqZowkcRdDtjRduh43rBltnVKd0VFq839l1lJoDvGJb6gl7+4rTTCrPWu+YfujUL8Ug7w=="],

    "rolldown-plugin-dts": ["rolldown-plugin-dts@0.27.14", "", { "dependencies": { "dts-resolver": "^3.0.0", "get-tsconfig": "5.0.0-beta.5", "obug": "^2.1.4", "yuku-ast": "^0.8.0", "yuku-codegen": "^0.8.0", "yuku-parser": "^0.8.0" }, "peerDependencies": { "@typescript/native-preview": "*", "@volar/typescript": "~2.4.0", "rolldown": "^1.0.0", "typescript": "^5.0.0 || ^6.0.0 || ~7.0.0", "vue-tsc": "~3.2.0 || ~3.3.0" }, "optionalPeers": ["@typescript/native-preview", "@volar/typescript", "typescript", "vue-tsc"] }, "sha512-ZvuDDwoIpRK9RPxDXratCpklFO9QZZWndf/sd0VBFb4LEj0jj07UcHK9OCh7V4XiFz2Z89ziyBC2K6tJiDjrbw=="],

    "semver": ["semver@7.8.5", "", { "bin": { "semver": "bin/semver.js" } }, "sha512-Y7/KDsb8LjooZpwaqGyulO6DQlksgCncchHGk+sZIY4SBvUocMBEFH5Ur1fI4dV+Jvl0w6cjvucaIi40puRioA=="],

    "sisteransi": ["sisteransi@1.0.5", "", {}, "sha512-bLGGlR1QxBcynn2d5YmDX4MGjlZvy2MRBDRNHLJ8VI6l6+9FUiyTFNJ0IveOSP0bcXgVDPRcfGqA0pjaqUpfVg=="],

    "supports-color": ["supports-color@7.2.0", "", { "dependencies": { "has-flag": "^4.0.0" } }, "sha512-qpCAvRl9stuOHveKsn7HncJRvv501qIacKzQlO/+Lwxc9+0q2wLyv4Dfvt80/DPn2pqOBsJdDiogXGR9+OvwRw=="],

    "tinyexec": ["tinyexec@1.3.0", "", {}, "sha512-QKAl9m8gWWGHV8jZcPeym6j+XULi6tOf1mT83WYJ4Lk2ytW/uwAWkrP0uFsdoYMdueVJ0qs26wZ+23xeB4ibNQ=="],

    "tinyglobby": ["tinyglobby@0.2.17", "", { "dependencies": { "fdir": "^6.5.0", "picomatch": "^4.0.4" } }, "sha512-wXR/dYpcqKmfWpEdZjiKJOwCNFndD0DMnrW/cYjVGttEkBfVgcLFHoNrlj47mjOVic9yyNu65alsgF4NQyTa2g=="],

    "tree-kill": ["tree-kill@1.2.2", "", { "bin": { "tree-kill": "cli.js" } }, "sha512-L0Orpi8qGpRG//Nd+H90vFB+3iHnue1zSSGmNOOCh1GLJ7rUKVwV2HvijphGQS2UmhUZewS9VgvxYIdgr+fG1A=="],

    "ts-api-utils": ["ts-api-utils@2.5.0", "", { "peerDependencies": { "typescript": ">=4.8.4" } }, "sha512-OJ/ibxhPlqrMM0UiNHJ/0CKQkoKF243/AEmplt3qpRgkW8VG7IfOS41h7V8TjITqdByHzrjcS/2si+y4lIh8NA=="],

    "tsdown": ["tsdown@0.22.14", "", { "dependencies": { "ansis": "^4.3.1", "cac": "^7.0.0", "defu": "^6.1.7", "empathic": "^2.0.1", "hookable": "^6.1.1", "import-without-cache": "^0.4.0", "obug": "^2.1.4", "picomatch": "^4.0.5", "rolldown": "~1.2.0", "rolldown-plugin-dts": "^0.27.13", "tinyexec": "^1.2.4", "tinyglobby": "^0.2.17", "tree-kill": "^1.2.2", "unconfig-core": "^7.5.0", "verkit": "^0.3.0" }, "peerDependencies": { "@arethetypeswrong/core": "^0.18.1", "@tsdown/css": "0.22.14", "@tsdown/exe": "0.22.14", "@vitejs/devtools": "*", "publint": "^0.3.8", "tsx": "*", "typescript": "^5.0.0 || ^6.0.0 || ^7.0.0", "unplugin-unused": "^0.5.0", "unrun": "*" }, "optionalPeers": ["@arethetypeswrong/core", "@tsdown/css", "@tsdown/exe", "@vitejs/devtools", "publint", "tsx", "typescript", "unplugin-unused", "unrun"], "bin": { "tsdown": "./dist/run.mjs" } }, "sha512-ule7Y+fsAN2iZbLDoo7C4KYljFJNJJ+fLshyn+9gozeTspVersWHxwdGB+Dm2hzA38s6muFnUTl0jK3vJm9ifQ=="],

    "typescript": ["typescript@6.0.3", "", { "bin": { "tsc": "bin/tsc", "tsserver": "bin/tsserver" } }, "sha512-y2TvuxSZPDyQakkFRPZHKFm+KKVqIisdg9/CZwm9ftvKXLP8NRWj38/ODjNbr43SsoXqNuAisEf1GdCxqWcdBw=="],

    "unconfig-core": ["unconfig-core@7.5.0", "", { "dependencies": { "@quansync/fs": "^1.0.0", "quansync": "^1.0.0" } }, "sha512-Su3FauozOGP44ZmKdHy2oE6LPjk51M/TRRjHv2HNCWiDvfvCoxC2lno6jevMA91MYAdCdwP05QnWdWpSbncX/w=="],

    "undici-types": ["undici-types@8.3.0", "", {}, "sha512-j375ScV60dom+YkPFIfTLcOiPxkN/buHz5GobjLhixFuANaNs3C9l4GmrWqejgXWJ7BbJcFYpTEUkS1Ge8bpZQ=="],

    "verkit": ["verkit@0.3.2", "", {}, "sha512-zj/ob3UsvJGN0whEAKFp53REA5X66hvffVqoCtVQAakJKnKlH+/PcOfMoFwIG/o4rElqLv/ycAFlx8ZlXUorCg=="],

    "yuku-analyzer": ["yuku-analyzer@workspace:npm/yuku-analyzer"],

    "yuku-ast": ["yuku-ast@workspace:npm/yuku-ast"],

    "yuku-codegen": ["yuku-codegen@workspace:npm/yuku-codegen"],

    "yuku-parser": ["yuku-parser@workspace:npm/yuku-parser"],

    "pretty-format/ansi-styles": ["ansi-styles@5.2.0", "", {}, "sha512-Cxwpt2SfTzTtXcfOlzGEee8O+c+MmUgGrNiBcXnuWxuFJHe6a5Hz7qwhwe5OgaSYI0IJvkLqWX1ASG+cJOkEiA=="],
  }
}
